
Microsoft Visual Studio Solution File, Format Version 12.00
# Visual Studio Version 17
VisualStudioVersion = 17.6.33801.468
MinimumVisualStudioVersion = 10.0.40219.1
Project("{FAE04EC0-301F-11D3-BF4B-00C04F79EFBC}") = "EasyCashIdentity.DAL", "EasyCashIdentity.DAL\EasyCashIdentity.DAL.csproj", "{2DAC1C22-AE9D-4D86-94BA-CE7DB51F1899}"
EndProject
Project("{FAE04EC0-301F-11D3-BF4B-00C04F79EFBC}") = "EasyCashIdentity.BLL", "EasyCashIdentity.BLL\EasyCashIdentity.BLL.csproj", "{DDD7FDE1-F013-4F69-925F-A3F89FA196F7}"
EndProject
Project("{FAE04EC0-301F-11D3-BF4B-00C04F79EFBC}") = "EasyCashIdentity.ENTITY", "EasyCashIdentity.ENTITY\EasyCashIdentity.ENTITY.csproj", "{4FEE4C74-76BF-4AF6-A9BE-DCA01AE22AC6}"
EndProject
Project("{FAE04EC0-301F-11D3-BF4B-00C04F79EFBC}") = "EasyCashIdentity.DTO", "EasyCashIdentity.DTO\EasyCashIdentity.DTO.csproj", "{899F88F3-F8DD-48AF-8A28-80174A5E60A2}"
EndProject
Project("{FAE04EC0-301F-11D3-BF4B-00C04F79EFBC}") = "EasyCashIdentity.UI", "EasyCashIdentity.UI\EasyCashIdentity.UI.csproj", "{48E35C0A-257D-4DF4-9FBD-A5D2C7484C2F}"
EndProject
Global
	GlobalSection(SolutionConfigurationPlatforms) = preSolution
		Debug|Any CPU = Debug|Any CPU
		Release|Any CPU = Release|Any CPU
	EndGlobalSection
	GlobalSection(ProjectConfigurationPlatforms) = postSolution
		{2DAC1C22-AE9D-4D86-94BA-CE7DB51F1899}.Debug|Any CPU.ActiveCfg = Debug|Any CPU
		{2DAC1C22-AE9D-4D86-94BA-CE7DB51F1899}.Debug|Any CPU.Build.0 = Debug|Any CPU
		{2DAC1C22-AE9D-4D86-94BA-CE7DB51F1899}.Release|Any CPU.ActiveCfg = Release|Any CPU
		{2DAC1C22-AE9D-4D86-94BA-CE7DB51F1899}.Release|Any CPU.Build.0 = Release|Any CPU
		{DDD7FDE1-F013-4F69-925F-A3F89FA196F7}.Debug|Any CPU.ActiveCfg = Debug|Any CPU
		{DDD7FDE1-F013-4F69-925F-A3F89FA196F7}.Debug|Any CPU.Build.0 = Debug|Any CPU
		{DDD7FDE1-F013-4F69-925F-A3F89FA196F7}.Release|Any CPU.ActiveCfg = Release|Any CPU
		{DDD7FDE1-F013-4F69-925F-A3F89FA196F7}.Release|Any CPU.Build.0 = Release|Any CPU
		{4FEE4C74-76BF-4AF6-A9BE-DCA01AE22AC6}.Debug|Any CPU.ActiveCfg = Debug|Any CPU
		{4FEE4C74-76BF-4AF6-A9BE-DCA01AE22AC6}.Debug|Any CPU.Build.0 = Debug|Any CPU
		{4FEE4C74-76BF-4AF6-A9BE-DCA01AE22AC6}.Release|Any CPU.ActiveCfg = Release|Any CPU
		{4FEE4C74-76BF-4AF6-A9BE-DCA01AE22AC6}.Release|Any CPU.Build.0 = Release|Any CPU
		{899F88F3-F8DD-48AF-8A28-80174A5E60A2}.Debug|Any CPU.ActiveCfg = Debug|Any CPU
		{899F88F3-F8DD-48AF-8A28-80174A5E60A2}.Debug|Any CPU.Build.0 = Debug|Any CPU
		{899F88F3-F8DD-48AF-8A28-80174A5E60A2}.Release|Any CPU.ActiveCfg = Release|Any CPU
		{899F88F3-F8DD-48AF-8A28-80174A5E60A2}.Release|Any CPU.Build.0 = Release|Any CPU
		{48E35C0A-257D-4DF4-9FBD-A5D2C7484C2F}.Debug|Any CPU.ActiveCfg = Debug|Any CPU
		{48E35C0A-257D-4DF4-9FBD-A5D2C7484C2F}.Debug|Any CPU.Build.0 = Debug|Any CPU
		{48E35C0A-257D-4DF4-9FBD-A5D2C7484C2F}.Release|Any CPU.ActiveCfg = Release|Any CPU
		{48E35C0A-257D-4DF4-9FBD-A5D2C7484C2F}.Release|Any CPU.Build.0 = Release|Any CPU
	EndGlobalSection
	GlobalSection(SolutionProperties) = preSolution
		HideSolutionNode = FALSE
	EndGlobalSection
	GlobalSection(ExtensibilityGlobals) = postSolution
		SolutionGuid = {8A27F183-91A3-4C90-988A-124A98B8DEE6}
	EndGlobalSection
EndGlobal
